
Microsoft Visual Studio Solution File, Format Version 12.00
# Visual Studio Version 17
VisualStudioVersion = 17.11.35222.181
MinimumVisualStudioVersion = 10.0.40219.1
Project("{FAE04EC0-301F-11D3-BF4B-00C04F79EFBC}") = "MHA", "MHA\MHA.csproj", "{9F4EB1BD-F5B4-4B7C-83F0-D4B651738574}"
EndProject
Global
	GlobalSection(SolutionConfigurationPlatforms) = preSolution
		Debug|Any CPU = Debug|Any CPU
		Release|Any CPU = Release|Any CPU
	EndGlobalSection
	GlobalSection(ProjectConfigurationPlatforms) = postSolution
		{9F4EB1BD-F5B4-4B7C-83F0-D4B651738574}.Debug|Any CPU.ActiveCfg = Debug|Any CPU
		{9F4EB1BD-F5B4-4B7C-83F0-D4B651738574}.Debug|Any CPU.Build.0 = Debug|Any CPU
		{9F4EB1BD-F5B4-4B7C-83F0-D4B651738574}.Release|Any CPU.ActiveCfg = Release|Any CPU
		{9F4EB1BD-F5B4-4B7C-83F0-D4B651738574}.Release|Any CPU.Build.0 = Release|Any CPU
	EndGlobalSection
	GlobalSection(SolutionProperties) = preSolution
		HideSolutionNode = FALSE
	EndGlobalSection
	GlobalSection(ExtensibilityGlobals) = postSolution
		SolutionGuid = {06C93271-E475-4B42-BE80-7E4312852B1E}
	EndGlobalSection
EndGlobal
